
Microsoft Visual Studio Solution File, Format Version 12.00
# Visual Studio Version 17
VisualStudioVersion = 17.5.002.0
MinimumVisualStudioVersion = 10.0.40219.1
Project("{9A19103F-16F7-4668-BE54-9A1E7A4F7556}") = "Food-Registration", "Food-Registration.csproj", "{56601D25-8931-4050-B535-908B59837BF8}"
EndProject
Global
	GlobalSection(SolutionConfigurationPlatforms) = preSolution
		Debug|Any CPU = Debug|Any CPU
		Release|Any CPU = Release|Any CPU
	EndGlobalSection
	GlobalSection(ProjectConfigurationPlatforms) = postSolution
		{56601D25-8931-4050-B535-908B59837BF8}.Debug|Any CPU.ActiveCfg = Debug|Any CPU
		{56601D25-8931-4050-B535-908B59837BF8}.Debug|Any CPU.Build.0 = Debug|Any CPU
		{56601D25-8931-4050-B535-908B59837BF8}.Release|Any CPU.ActiveCfg = Release|Any CPU
		{56601D25-8931-4050-B535-908B59837BF8}.Release|Any CPU.Build.0 = Release|Any CPU
	EndGlobalSection
	GlobalSection(SolutionProperties) = preSolution
		HideSolutionNode = FALSE
	EndGlobalSection
	GlobalSection(ExtensibilityGlobals) = postSolution
		SolutionGuid = {43695E74-399B-4433-8DE0-10BE95642FEA}
	EndGlobalSection
EndGlobal
